
Microsoft Visual Studio Solution File, Format Version 12.00
# Visual Studio 14
VisualStudioVersion = 14.0.25420.1
MinimumVisualStudioVersion = 10.0.40219.1
Project("{FAE04EC0-301F-11D3-BF4B-00C04F79EFBC}") = "QuanLyKyTucXa", "QUANLYCONGVAN\QuanLyKyTucXa.csproj", "{5F21951F-2C07-48E5-A1AF-D317B912CC28}"
EndProject
Project("{FAE04EC0-301F-11D3-BF4B-00C04F79EFBC}") = "Models.cs", "Models.cs\Models.cs.csproj", "{F941B740-7237-4072-81D9-537415529EB7}"
EndProject
Global
	GlobalSection(SolutionConfigurationPlatforms) = preSolution
		Debug|Any CPU = Debug|Any CPU
		Release|Any CPU = Release|Any CPU
	EndGlobalSection
	GlobalSection(ProjectConfigurationPlatforms) = postSolution
		{5F21951F-2C07-48E5-A1AF-D317B912CC28}.Debug|Any CPU.ActiveCfg = Debug|Any CPU
		{5F21951F-2C07-48E5-A1AF-D317B912CC28}.Debug|Any CPU.Build.0 = Debug|Any CPU
		{5F21951F-2C07-48E5-A1AF-D317B912CC28}.Release|Any CPU.ActiveCfg = Release|Any CPU
		{5F21951F-2C07-48E5-A1AF-D317B912CC28}.Release|Any CPU.Build.0 = Release|Any CPU
		{F941B740-7237-4072-81D9-537415529EB7}.Debug|Any CPU.ActiveCfg = Debug|Any CPU
		{F941B740-7237-4072-81D9-537415529EB7}.Debug|Any CPU.Build.0 = Debug|Any CPU
		{F941B740-7237-4072-81D9-537415529EB7}.Release|Any CPU.ActiveCfg = Release|Any CPU
		{F941B740-7237-4072-81D9-537415529EB7}.Release|Any CPU.Build.0 = Release|Any CPU
	EndGlobalSection
	GlobalSection(SolutionProperties) = preSolution
		HideSolutionNode = FALSE
	EndGlobalSection
EndGlobal
